
Microsoft Visual Studio Solution File, Format Version 12.00
# Visual Studio Version 17
VisualStudioVersion = 17.9.34714.143
MinimumVisualStudioVersion = 10.0.40219.1
Project("{9A19103F-16F7-4668-BE54-9A1E7A4F7556}") = "LiBr_H2O_Calculator", "LiBr_H2O_Calculator.csproj", "{C50B0CF1-B0A7-4D2E-8267-6AA5F7610CB1}"
EndProject
Global
	GlobalSection(SolutionConfigurationPlatforms) = preSolution
		Debug|Any CPU = Debug|Any CPU
		Release|Any CPU = Release|Any CPU
	EndGlobalSection
	GlobalSection(ProjectConfigurationPlatforms) = postSolution
		{C50B0CF1-B0A7-4D2E-8267-6AA5F7610CB1}.Debug|Any CPU.ActiveCfg = Debug|Any CPU
		{C50B0CF1-B0A7-4D2E-8267-6AA5F7610CB1}.Debug|Any CPU.Build.0 = Debug|Any CPU
		{C50B0CF1-B0A7-4D2E-8267-6AA5F7610CB1}.Release|Any CPU.ActiveCfg = Release|Any CPU
		{C50B0CF1-B0A7-4D2E-8267-6AA5F7610CB1}.Release|Any CPU.Build.0 = Release|Any CPU
	EndGlobalSection
	GlobalSection(SolutionProperties) = preSolution
		HideSolutionNode = FALSE
	EndGlobalSection
	GlobalSection(ExtensibilityGlobals) = postSolution
		SolutionGuid = {F3F0185C-47E0-4EAA-BC32-34C9E2E98B5C}
	EndGlobalSection
EndGlobal
